{
  "nodes": {
    "disko": {
      "inputs": {
        "nixpkgs": [
          "unstable"
        ]
      },
      "locked": {
        "lastModified": 1683508929,
        "narHash": "sha256-AqkIrwewCL8+zlkqhNxheF+kOfyakzZDk43SqRTIqRE=",
        "owner": "nix-community",
        "repo": "disko",
        "rev": "2a59f5cf641607dbecb0cfec3ae32247e4aeb311",
        "type": "github"
      },
      "original": {
        "owner": "nix-community",
        "repo": "disko",
        "type": "github"
      }
    },
    "fetch-rs": {
      "inputs": {
        "nixpkgs": [
          "unstable"
        ]
      },
      "locked": {
        "lastModified": 1683510454,
        "narHash": "sha256-9MMlAdZdfqakRpgA4S18q/3kp66Ydh7c+LWBiq3F3+c=",
        "owner": "Gerg-L",
        "repo": "fetch-rs",
        "rev": "89ea40a98ffcd8d6d7ae29514dad751ca2902a16",
        "type": "github"
      },
      "original": {
        "owner": "Gerg-L",
        "repo": "fetch-rs",
        "type": "github"
      }
    },
    "flake-compat": {
      "flake": false,
      "locked": {
        "lastModified": 1673956053,
        "narHash": "sha256-4gtG9iQuiKITOjNQQeQIpoIB6b16fm+504Ch3sNKLd8=",
        "owner": "edolstra",
        "repo": "flake-compat",
        "rev": "35bb57c0c8d8b62bbfd284272c928ceb64ddbde9",
        "type": "github"
      },
      "original": {
        "owner": "edolstra",
        "repo": "flake-compat",
        "type": "github"
      }
    },
    "flake-utils": {
      "inputs": {
        "systems": "systems"
      },
      "locked": {
        "lastModified": 1681202837,
        "narHash": "sha256-H+Rh19JDwRtpVPAWp64F+rlEtxUWBAQW28eAi3SRSzg=",
        "owner": "numtide",
        "repo": "flake-utils",
        "rev": "cfacdce06f30d2b68473a46042957675eebb3401",
        "type": "github"
      },
      "original": {
        "owner": "numtide",
        "repo": "flake-utils",
        "type": "github"
      }
    },
    "flake-utils_2": {
      "inputs": {
        "systems": "systems_2"
      },
      "locked": {
        "lastModified": 1681202837,
        "narHash": "sha256-H+Rh19JDwRtpVPAWp64F+rlEtxUWBAQW28eAi3SRSzg=",
        "owner": "numtide",
        "repo": "flake-utils",
        "rev": "cfacdce06f30d2b68473a46042957675eebb3401",
        "type": "github"
      },
      "original": {
        "owner": "numtide",
        "repo": "flake-utils",
        "type": "github"
      }
    },
    "lowdown-src": {
      "flake": false,
      "locked": {
        "lastModified": 1633514407,
        "narHash": "sha256-Dw32tiMjdK9t3ETl5fzGrutQTzh2rufgZV4A/BbxuD4=",
        "owner": "kristapsdz",
        "repo": "lowdown",
        "rev": "d2c2b44ff6c27b936ec27358a2653caaef8f73b8",
        "type": "github"
      },
      "original": {
        "owner": "kristapsdz",
        "repo": "lowdown",
        "type": "github"
      }
    },
    "master": {
      "locked": {
        "lastModified": 1683510273,
        "narHash": "sha256-VSJ0hmIPgcD97XV+8UzVEPkKVR5n2sZd3Wm2HC0UI/U=",
        "owner": "NixOS",
        "repo": "nixpkgs",
        "rev": "055a2f470bced98bb34a5d94b775c410e1594cc2",
        "type": "github"
      },
      "original": {
        "owner": "NixOS",
        "repo": "nixpkgs",
        "type": "github"
      }
    },
    "neovim-src": {
      "inputs": {
        "flake-utils": "flake-utils",
        "nixpkgs": [
          "nvim-flake",
          "nixpkgs"
        ]
      },
      "locked": {
        "dir": "contrib",
        "lastModified": 1683417608,
        "narHash": "sha256-qdWRY50WhpjHKLKe7ngYdEnA+gYjOnE3PScQws0YofY=",
        "owner": "neovim",
        "repo": "neovim",
        "rev": "fa1baa9a47cdb3eed17d48b6011a164d4009d2ee",
        "type": "github"
      },
      "original": {
        "dir": "contrib",
        "owner": "neovim",
        "repo": "neovim",
        "type": "github"
      }
    },
    "nix": {
      "inputs": {
        "flake-compat": "flake-compat",
        "lowdown-src": "lowdown-src",
        "nixpkgs": "nixpkgs",
        "nixpkgs-regression": "nixpkgs-regression"
      },
      "locked": {
        "lastModified": 1681227902,
        "narHash": "sha256-hNHfvmb1bIWwqFT5nesQgwh4V0OlyZHxj5ZVSQbZ+p4=",
        "owner": "NixOS",
        "repo": "nix",
        "rev": "8340e2623a7f87b86c0bb88666c85ef6c8562519",
        "type": "github"
      },
      "original": {
        "owner": "NixOS",
        "ref": "latest-release",
        "repo": "nix",
        "type": "github"
      }
    },
    "nixlib": {
      "locked": {
        "lastModified": 1681001314,
        "narHash": "sha256-5sDnCLdrKZqxLPK4KA8+f4A3YKO/u6ElpMILvX0g72c=",
        "owner": "nix-community",
        "repo": "nixpkgs.lib",
        "rev": "367c0e1086a4eb4502b24d872cea2c7acdd557f4",
        "type": "github"
      },
      "original": {
        "owner": "nix-community",
        "repo": "nixpkgs.lib",
        "type": "github"
      }
    },
    "nixos-generators": {
      "inputs": {
        "nixlib": "nixlib",
        "nixpkgs": [
          "unstable"
        ]
      },
      "locked": {
        "lastModified": 1683189539,
        "narHash": "sha256-dqeE6PM1SSNCB9BSBgh/9dJPLn3sf7P4uay8/CymMlQ=",
        "owner": "nix-community",
        "repo": "nixos-generators",
        "rev": "104ca15b0019bf461639050daeaa18e25642ccee",
        "type": "github"
      },
      "original": {
        "owner": "nix-community",
        "repo": "nixos-generators",
        "type": "github"
      }
    },
    "nixpkgs": {
      "locked": {
        "lastModified": 1670461440,
        "narHash": "sha256-jy1LB8HOMKGJEGXgzFRLDU1CBGL0/LlkolgnqIsF0D8=",
        "owner": "NixOS",
        "repo": "nixpkgs",
        "rev": "04a75b2eecc0acf6239acf9dd04485ff8d14f425",
        "type": "github"
      },
      "original": {
        "owner": "NixOS",
        "ref": "nixos-22.11-small",
        "repo": "nixpkgs",
        "type": "github"
      }
    },
    "nixpkgs-regression": {
      "locked": {
        "lastModified": 1643052045,
        "narHash": "sha256-uGJ0VXIhWKGXxkeNnq4TvV3CIOkUJ3PAoLZ3HMzNVMw=",
        "owner": "NixOS",
        "repo": "nixpkgs",
        "rev": "215d4d0fd80ca5163643b03a33fde804a29cc1e2",
        "type": "github"
      },
      "original": {
        "owner": "NixOS",
        "repo": "nixpkgs",
        "rev": "215d4d0fd80ca5163643b03a33fde804a29cc1e2",
        "type": "github"
      }
    },
    "nixpkgs-stable": {
      "locked": {
        "lastModified": 1683401577,
        "narHash": "sha256-sOtJKZZ9HWqcGg2hRj6O4HX9pOFfTzgYgSi+MN1HEWo=",
        "owner": "NixOS",
        "repo": "nixpkgs",
        "rev": "d724b57823f2ab2c879a840a426a607bbab2b730",
        "type": "github"
      },
      "original": {
        "owner": "NixOS",
        "ref": "release-22.11",
        "repo": "nixpkgs",
        "type": "github"
      }
    },
    "nvim-flake": {
      "inputs": {
        "neovim-src": "neovim-src",
        "nixpkgs": [
          "unstable"
        ]
      },
      "locked": {
        "lastModified": 1683510496,
        "narHash": "sha256-lZ4wm+IM/C5+XyP/iN/bqjwPvoHtlz8TS3oc2UjvpbE=",
        "owner": "Gerg-L",
        "repo": "nvim-flake",
        "rev": "03338835c3615b2ded7cc5478d59b22db4521f56",
        "type": "github"
      },
      "original": {
        "owner": "Gerg-L",
        "repo": "nvim-flake",
        "type": "github"
      }
    },
    "root": {
      "inputs": {
        "disko": "disko",
        "fetch-rs": "fetch-rs",
        "master": "master",
        "nix": "nix",
        "nixos-generators": "nixos-generators",
        "nvim-flake": "nvim-flake",
        "sops-nix": "sops-nix",
        "spicetify-nix": "spicetify-nix",
        "stable": "stable",
        "suckless": "suckless",
        "unstable": "unstable"
      }
    },
    "sops-nix": {
      "inputs": {
        "nixpkgs": [
          "unstable"
        ],
        "nixpkgs-stable": "nixpkgs-stable"
      },
      "locked": {
        "lastModified": 1683428115,
        "narHash": "sha256-sxkM4upCCdsaWVpDWxYgQXooobex8QHbFkGj40Uf9uQ=",
        "owner": "Mic92",
        "repo": "sops-nix",
        "rev": "fd2d857ce2450a3ba5700d1e95eb110070e0dbc3",
        "type": "github"
      },
      "original": {
        "owner": "Mic92",
        "repo": "sops-nix",
        "type": "github"
      }
    },
    "spicetify-nix": {
      "inputs": {
        "flake-utils": "flake-utils_2",
        "nixpkgs": [
          "unstable"
        ]
      },
      "locked": {
        "lastModified": 1683481928,
        "narHash": "sha256-G7LsEjKE+EEYNkKcJsy+iplw/6STjK506w/8ImisN5Q=",
        "owner": "the-argus",
        "repo": "spicetify-nix",
        "rev": "c1abe3d0bc44868e4ba04e3fccce7b620522ab5e",
        "type": "github"
      },
      "original": {
        "owner": "the-argus",
        "repo": "spicetify-nix",
        "type": "github"
      }
    },
    "stable": {
      "locked": {
        "lastModified": 1683383741,
        "narHash": "sha256-rAQSBnFGNKNomUUyVl+7v0tnp45677t4Ovlh9f57k6Q=",
        "owner": "NixOS",
        "repo": "nixpkgs",
        "rev": "adc7c6f1bbaa73cda26be2323353b63a05b42f61",
        "type": "github"
      },
      "original": {
        "owner": "NixOS",
        "ref": "nixos-22.11",
        "repo": "nixpkgs",
        "type": "github"
      }
    },
    "suckless": {
      "inputs": {
        "nixpkgs": [
          "unstable"
        ]
      },
      "locked": {
        "lastModified": 1683510562,
        "narHash": "sha256-BXWVMN1kIGXyTZnxrMPFtKOxKx6JHBFFd4wP7SHcOEs=",
        "owner": "Gerg-L",
        "repo": "suckless",
        "rev": "a32c7af88b906f60db4cf3191a20634c7d183ef9",
        "type": "github"
      },
      "original": {
        "owner": "Gerg-L",
        "repo": "suckless",
        "type": "github"
      }
    },
    "systems": {
      "locked": {
        "lastModified": 1681028828,
        "narHash": "sha256-Vy1rq5AaRuLzOxct8nz4T6wlgyUR7zLU309k9mBC768=",
        "owner": "nix-systems",
        "repo": "default",
        "rev": "da67096a3b9bf56a91d16901293e51ba5b49a27e",
        "type": "github"
      },
      "original": {
        "owner": "nix-systems",
        "repo": "default",
        "type": "github"
      }
    },
    "systems_2": {
      "locked": {
        "lastModified": 1681028828,
        "narHash": "sha256-Vy1rq5AaRuLzOxct8nz4T6wlgyUR7zLU309k9mBC768=",
        "owner": "nix-systems",
        "repo": "default",
        "rev": "da67096a3b9bf56a91d16901293e51ba5b49a27e",
        "type": "github"
      },
      "original": {
        "owner": "nix-systems",
        "repo": "default",
        "type": "github"
      }
    },
    "unstable": {
      "locked": {
        "lastModified": 1683408522,
        "narHash": "sha256-9kcPh6Uxo17a3kK3XCHhcWiV1Yu1kYj22RHiymUhMkU=",
        "owner": "NixOS",
        "repo": "nixpkgs",
        "rev": "897876e4c484f1e8f92009fd11b7d988a121a4e7",
        "type": "github"
      },
      "original": {
        "owner": "NixOS",
        "ref": "nixos-unstable",
        "repo": "nixpkgs",
        "type": "github"
      }
    }
  },
  "root": "root",
  "version": 7
}
