{
  "nodes": {
    "disko": {
      "inputs": {
        "nixpkgs": [
          "unstable"
        ]
      },
      "locked": {
        "lastModified": 1773889306,
        "narHash": "sha256-PAqwnsBSI9SVC2QugvQ3xeYCB0otOwCacB1ueQj2tgw=",
        "owner": "nix-community",
        "repo": "disko",
        "rev": "5ad85c82cc52264f4beddc934ba57f3789f28347",
        "type": "github"
      },
      "original": {
        "owner": "nix-community",
        "repo": "disko",
        "type": "github"
      }
    },
    "fetch-rs": {
      "inputs": {
        "nixpkgs": [
          "unstable"
        ]
      },
      "locked": {
        "lastModified": 1771902418,
        "narHash": "sha256-u9gdUO0k95Hk/cMxxV/KpQ6md/jHdyDF/uOEBPuMz2o=",
        "owner": "Gerg-L",
        "repo": "fetch-rs",
        "rev": "a28d46599c67195cb94fb01ffc6067fd3d2676d4",
        "type": "github"
      },
      "original": {
        "owner": "Gerg-L",
        "repo": "fetch-rs",
        "type": "github"
      }
    },
    "flake-compat": {
      "flake": false,
      "locked": {
        "lastModified": 1767039857,
        "narHash": "sha256-vNpUSpF5Nuw8xvDLj2KCwwksIbjua2LZCqhV1LNRDns=",
        "owner": "NixOS",
        "repo": "flake-compat",
        "rev": "5edf11c44bc78a0d334f6334cdaf7d60d732daab",
        "type": "github"
      },
      "original": {
        "owner": "NixOS",
        "repo": "flake-compat",
        "type": "github"
      }
    },
    "flake-parts": {
      "inputs": {
        "nixpkgs-lib": [
          "nix",
          "nixpkgs"
        ]
      },
      "locked": {
        "lastModified": 1733312601,
        "narHash": "sha256-4pDvzqnegAfRkPwO3wmwBhVi/Sye1mzps0zHWYnP88c=",
        "owner": "hercules-ci",
        "repo": "flake-parts",
        "rev": "205b12d8b7cd4802fbcb8e8ef6a0f1408781a4f9",
        "type": "github"
      },
      "original": {
        "owner": "hercules-ci",
        "repo": "flake-parts",
        "type": "github"
      }
    },
    "flake-parts_2": {
      "inputs": {
        "nixpkgs-lib": [
          "nvim-flake",
          "neovim-nightly",
          "nixpkgs"
        ]
      },
      "locked": {
        "lastModified": 1775087534,
        "narHash": "sha256-91qqW8lhL7TLwgQWijoGBbiD4t7/q75KTi8NxjVmSmA=",
        "owner": "hercules-ci",
        "repo": "flake-parts",
        "rev": "3107b77cd68437b9a76194f0f7f9c55f2329ca5b",
        "type": "github"
      },
      "original": {
        "owner": "hercules-ci",
        "repo": "flake-parts",
        "type": "github"
      }
    },
    "git-hooks-nix": {
      "inputs": {
        "flake-compat": [
          "nix"
        ],
        "gitignore": [
          "nix"
        ],
        "nixpkgs": [
          "nix",
          "nixpkgs"
        ],
        "nixpkgs-stable": [
          "nix",
          "nixpkgs"
        ]
      },
      "locked": {
        "lastModified": 1734279981,
        "narHash": "sha256-NdaCraHPp8iYMWzdXAt5Nv6sA3MUzlCiGiR586TCwo0=",
        "owner": "cachix",
        "repo": "git-hooks.nix",
        "rev": "aa9f40c906904ebd83da78e7f328cd8aeaeae785",
        "type": "github"
      },
      "original": {
        "owner": "cachix",
        "repo": "git-hooks.nix",
        "type": "github"
      }
    },
    "master": {
      "locked": {
        "lastModified": 1776578785,
        "narHash": "sha256-RBCqqxs3G17ZupyOg7rXxDyYC8PnBxXbcUK6qnKmcWE=",
        "owner": "NixOS",
        "repo": "nixpkgs",
        "rev": "9ce0d933e75b56993647a8a9f4fa76d38f91bc26",
        "type": "github"
      },
      "original": {
        "owner": "NixOS",
        "ref": "master",
        "repo": "nixpkgs",
        "type": "github"
      }
    },
    "mnw": {
      "locked": {
        "lastModified": 1776530647,
        "narHash": "sha256-AHM3wNuC5zzGaygnovHqFUI0YJR1Jj7ZgK9D9m7cgMQ=",
        "owner": "gerg-l",
        "repo": "mnw",
        "rev": "54f7ad6e34f4e44e0260a5140af7726a4792dece",
        "type": "github"
      },
      "original": {
        "owner": "gerg-l",
        "repo": "mnw",
        "type": "github"
      }
    },
    "neovim-nightly": {
      "inputs": {
        "flake-parts": "flake-parts_2",
        "neovim-src": "neovim-src",
        "nixpkgs": [
          "nvim-flake",
          "nixpkgs"
        ]
      },
      "locked": {
        "lastModified": 1776557088,
        "narHash": "sha256-DV2C1S+JYf2UB6S6CzmLl5dt6HwVh9FcC7q/+BLZZZg=",
        "owner": "nix-community",
        "repo": "neovim-nightly-overlay",
        "rev": "17e9c821a0213ff7ed87968082213c9e017ee6a7",
        "type": "github"
      },
      "original": {
        "owner": "nix-community",
        "repo": "neovim-nightly-overlay",
        "type": "github"
      }
    },
    "neovim-src": {
      "flake": false,
      "locked": {
        "lastModified": 1776541400,
        "narHash": "sha256-BjYfNZF6g5PJc1KnskaaxxYOony4peFET7HRz04ABHk=",
        "owner": "neovim",
        "repo": "neovim",
        "rev": "b351afb1b1c564c5a4e6856764d4db21a873242c",
        "type": "github"
      },
      "original": {
        "owner": "neovim",
        "repo": "neovim",
        "type": "github"
      }
    },
    "nix": {
      "inputs": {
        "flake-compat": "flake-compat",
        "flake-parts": "flake-parts",
        "git-hooks-nix": "git-hooks-nix",
        "nixpkgs": [
          "stable"
        ],
        "nixpkgs-23-11": "nixpkgs-23-11",
        "nixpkgs-regression": "nixpkgs-regression"
      },
      "locked": {
        "lastModified": 1775582384,
        "narHash": "sha256-RpfExg4DcWZ/SanVuwVbdijqPylsjvtMrHTQHemE+t8=",
        "owner": "NixOS",
        "repo": "nix",
        "rev": "a37db9d249afd61a81ae26368696f60e065d6f61",
        "type": "github"
      },
      "original": {
        "owner": "NixOS",
        "ref": "a37db9d249afd61a81ae26368696f60e065d6f61",
        "repo": "nix",
        "type": "github"
      }
    },
    "nix-github-actions": {
      "inputs": {
        "nixpkgs": [
          "run0-sudo-shim",
          "nixpkgs"
        ]
      },
      "locked": {
        "lastModified": 1737420293,
        "narHash": "sha256-F1G5ifvqTpJq7fdkT34e/Jy9VCyzd5XfJ9TO8fHhJWE=",
        "owner": "nix-community",
        "repo": "nix-github-actions",
        "rev": "f4158fa080ef4503c8f4c820967d946c2af31ec9",
        "type": "github"
      },
      "original": {
        "owner": "nix-community",
        "repo": "nix-github-actions",
        "type": "github"
      }
    },
    "nix-index-database": {
      "inputs": {
        "nixpkgs": [
          "unstable"
        ]
      },
      "locked": {
        "lastModified": 1776575850,
        "narHash": "sha256-28Gqz0GDpGsBv8GtAn2dywEQRr+CtTDsD5J7VD6icBE=",
        "owner": "nix-community",
        "repo": "nix-index-database",
        "rev": "3b9653a107c736222b5ae0d4036dd3b885219065",
        "type": "github"
      },
      "original": {
        "owner": "nix-community",
        "repo": "nix-index-database",
        "type": "github"
      }
    },
    "nixlib": {
      "locked": {
        "lastModified": 1736643958,
        "narHash": "sha256-tmpqTSWVRJVhpvfSN9KXBvKEXplrwKnSZNAoNPf/S/s=",
        "owner": "nix-community",
        "repo": "nixpkgs.lib",
        "rev": "1418bc28a52126761c02dd3d89b2d8ca0f521181",
        "type": "github"
      },
      "original": {
        "owner": "nix-community",
        "repo": "nixpkgs.lib",
        "type": "github"
      }
    },
    "nixos-generators": {
      "inputs": {
        "nixlib": "nixlib",
        "nixpkgs": [
          "unstable"
        ]
      },
      "locked": {
        "lastModified": 1769813415,
        "narHash": "sha256-nnVmNNKBi1YiBNPhKclNYDORoHkuKipoz7EtVnXO50A=",
        "owner": "nix-community",
        "repo": "nixos-generators",
        "rev": "8946737ff703382fda7623b9fab071d037e897d5",
        "type": "github"
      },
      "original": {
        "owner": "nix-community",
        "repo": "nixos-generators",
        "type": "github"
      }
    },
    "nixpkgs-23-11": {
      "locked": {
        "lastModified": 1717159533,
        "narHash": "sha256-oamiKNfr2MS6yH64rUn99mIZjc45nGJlj9eGth/3Xuw=",
        "owner": "NixOS",
        "repo": "nixpkgs",
        "rev": "a62e6edd6d5e1fa0329b8653c801147986f8d446",
        "type": "github"
      },
      "original": {
        "owner": "NixOS",
        "repo": "nixpkgs",
        "rev": "a62e6edd6d5e1fa0329b8653c801147986f8d446",
        "type": "github"
      }
    },
    "nixpkgs-regression": {
      "locked": {
        "lastModified": 1643052045,
        "narHash": "sha256-uGJ0VXIhWKGXxkeNnq4TvV3CIOkUJ3PAoLZ3HMzNVMw=",
        "owner": "NixOS",
        "repo": "nixpkgs",
        "rev": "215d4d0fd80ca5163643b03a33fde804a29cc1e2",
        "type": "github"
      },
      "original": {
        "owner": "NixOS",
        "repo": "nixpkgs",
        "rev": "215d4d0fd80ca5163643b03a33fde804a29cc1e2",
        "type": "github"
      }
    },
    "nvim-flake": {
      "inputs": {
        "mnw": "mnw",
        "neovim-nightly": "neovim-nightly",
        "nixpkgs": [
          "unstable"
        ],
        "systems": "systems"
      },
      "locked": {
        "lastModified": 1776569382,
        "narHash": "sha256-fBx8UAwbOh+ymEXoSumkpfk/rqX1fo7ZyL1nFOr2wV0=",
        "owner": "Gerg-L",
        "repo": "nvim-flake",
        "rev": "a656a248f92b6c2cacf28538f53d7ec041ee63a2",
        "type": "github"
      },
      "original": {
        "owner": "Gerg-L",
        "repo": "nvim-flake",
        "type": "github"
      }
    },
    "root": {
      "inputs": {
        "disko": "disko",
        "fetch-rs": "fetch-rs",
        "master": "master",
        "nix": "nix",
        "nix-index-database": "nix-index-database",
        "nixos-generators": "nixos-generators",
        "nvim-flake": "nvim-flake",
        "run0-sudo-shim": "run0-sudo-shim",
        "sops-nix": "sops-nix",
        "spicetify-nix": "spicetify-nix",
        "stable": "stable",
        "suckless": "suckless",
        "systems": "systems_3",
        "unstable": "unstable"
      }
    },
    "run0-sudo-shim": {
      "inputs": {
        "nix-github-actions": "nix-github-actions",
        "nixpkgs": [
          "unstable"
        ],
        "treefmt-nix": "treefmt-nix"
      },
      "locked": {
        "lastModified": 1774702115,
        "narHash": "sha256-iZ0HSQwjr9nYpVn10ZI4zQTdqvSggfxhXZ1c4oSZnuc=",
        "owner": "LordGrimmauld",
        "repo": "run0-sudo-shim",
        "rev": "c9e06e2f220ab2fcf2228d4315c0a7fc2dc6e438",
        "type": "github"
      },
      "original": {
        "owner": "LordGrimmauld",
        "repo": "run0-sudo-shim",
        "type": "github"
      }
    },
    "sops-nix": {
      "inputs": {
        "nixpkgs": [
          "unstable"
        ]
      },
      "locked": {
        "lastModified": 1776119890,
        "narHash": "sha256-Zm6bxLNnEOYuS/SzrAGsYuXSwk3cbkRQZY0fJnk8a5M=",
        "owner": "mic92",
        "repo": "sops-nix",
        "rev": "d4971dd58c6627bfee52a1ad4237637c0a2fb0cd",
        "type": "github"
      },
      "original": {
        "owner": "mic92",
        "repo": "sops-nix",
        "type": "github"
      }
    },
    "spicetify-nix": {
      "inputs": {
        "nixpkgs": [
          "unstable"
        ],
        "systems": "systems_2"
      },
      "locked": {
        "lastModified": 1776578704,
        "narHash": "sha256-4+JHYCweZ/SSrMcu2nJ5gc7gop2scBk0JIIfaUKuTaQ=",
        "owner": "Gerg-L",
        "repo": "spicetify-nix",
        "rev": "73f6d24b4f5bdacc3b41ddcf9965bef2781f97dd",
        "type": "github"
      },
      "original": {
        "owner": "Gerg-L",
        "repo": "spicetify-nix",
        "type": "github"
      }
    },
    "stable": {
      "locked": {
        "lastModified": 1776434932,
        "narHash": "sha256-EVobw7mrC4S2+TuLll6DMAX3p3VTc+r4UmMeFRhOvB0=",
        "rev": "c7f47036d3df2add644c46d712d14262b7d86c0c",
        "type": "tarball",
        "url": "https://releases.nixos.org/nixos/25.11/nixos-25.11.9418.c7f47036d3df/nixexprs.tar.xz"
      },
      "original": {
        "type": "tarball",
        "url": "https://channels.nixos.org/nixos-25.11/nixexprs.tar.xz"
      }
    },
    "suckless": {
      "inputs": {
        "nixpkgs": [
          "unstable"
        ]
      },
      "locked": {
        "lastModified": 1771902460,
        "narHash": "sha256-ma7lXV/fxNankwT39+aSERDJSxJU2QEckJVvlYSXCmY=",
        "owner": "Gerg-L",
        "repo": "suckless",
        "rev": "a83796dee3aac45a81e6400712ae35f9371743ef",
        "type": "github"
      },
      "original": {
        "owner": "Gerg-L",
        "repo": "suckless",
        "type": "github"
      }
    },
    "systems": {
      "locked": {
        "lastModified": 1681028828,
        "narHash": "sha256-Vy1rq5AaRuLzOxct8nz4T6wlgyUR7zLU309k9mBC768=",
        "owner": "nix-systems",
        "repo": "default",
        "rev": "da67096a3b9bf56a91d16901293e51ba5b49a27e",
        "type": "github"
      },
      "original": {
        "owner": "nix-systems",
        "repo": "default",
        "type": "github"
      }
    },
    "systems_2": {
      "locked": {
        "lastModified": 1681028828,
        "narHash": "sha256-Vy1rq5AaRuLzOxct8nz4T6wlgyUR7zLU309k9mBC768=",
        "owner": "nix-systems",
        "repo": "default",
        "rev": "da67096a3b9bf56a91d16901293e51ba5b49a27e",
        "type": "github"
      },
      "original": {
        "owner": "nix-systems",
        "repo": "default",
        "type": "github"
      }
    },
    "systems_3": {
      "locked": {
        "lastModified": 1681028828,
        "narHash": "sha256-Vy1rq5AaRuLzOxct8nz4T6wlgyUR7zLU309k9mBC768=",
        "owner": "nix-systems",
        "repo": "default",
        "rev": "da67096a3b9bf56a91d16901293e51ba5b49a27e",
        "type": "github"
      },
      "original": {
        "owner": "nix-systems",
        "repo": "default",
        "type": "github"
      }
    },
    "treefmt-nix": {
      "inputs": {
        "nixpkgs": [
          "run0-sudo-shim",
          "nixpkgs"
        ]
      },
      "locked": {
        "lastModified": 1773297127,
        "narHash": "sha256-6E/yhXP7Oy/NbXtf1ktzmU8SdVqJQ09HC/48ebEGBpk=",
        "owner": "numtide",
        "repo": "treefmt-nix",
        "rev": "71b125cd05fbfd78cab3e070b73544abe24c5016",
        "type": "github"
      },
      "original": {
        "owner": "numtide",
        "repo": "treefmt-nix",
        "type": "github"
      }
    },
    "unstable": {
      "locked": {
        "lastModified": 1776169885,
        "narHash": "sha256-Gk2T0tDDDAs319hp/ak+bAIUG5bPMvnNEjPV8CS86Fg=",
        "rev": "4bd9165a9165d7b5e33ae57f3eecbcb28fb231c9",
        "type": "tarball",
        "url": "https://releases.nixos.org/nixos/unstable/nixos-26.05pre980183.4bd9165a9165/nixexprs.tar.xz"
      },
      "original": {
        "type": "tarball",
        "url": "https://channels.nixos.org/nixos-unstable/nixexprs.tar.xz"
      }
    }
  },
  "root": "root",
  "version": 7
}
